
Microsoft Visual Studio Solution File, Format Version 12.00
# Visual Studio Version 17
VisualStudioVersion = 17.4.33213.308
MinimumVisualStudioVersion = 10.0.40219.1
Project("{FAE04EC0-301F-11D3-BF4B-00C04F79EFBC}") = "WpfAppNepesseg", "WpfAppNepesseg\WpfAppNepesseg.csproj", "{FFC77CA1-9414-4E5B-B73D-8867B7A9E2FC}"
EndProject
Global
	GlobalSection(SolutionConfigurationPlatforms) = preSolution
		Debug|Any CPU = Debug|Any CPU
		Release|Any CPU = Release|Any CPU
	EndGlobalSection
	GlobalSection(ProjectConfigurationPlatforms) = postSolution
		{FFC77CA1-9414-4E5B-B73D-8867B7A9E2FC}.Debug|Any CPU.ActiveCfg = Debug|Any CPU
		{FFC77CA1-9414-4E5B-B73D-8867B7A9E2FC}.Debug|Any CPU.Build.0 = Debug|Any CPU
		{FFC77CA1-9414-4E5B-B73D-8867B7A9E2FC}.Release|Any CPU.ActiveCfg = Release|Any CPU
		{FFC77CA1-9414-4E5B-B73D-8867B7A9E2FC}.Release|Any CPU.Build.0 = Release|Any CPU
	EndGlobalSection
	GlobalSection(SolutionProperties) = preSolution
		HideSolutionNode = FALSE
	EndGlobalSection
	GlobalSection(ExtensibilityGlobals) = postSolution
		SolutionGuid = {AD4D817B-4B81-4050-B8EE-6CCF7D4906E4}
	EndGlobalSection
EndGlobal
